
Microsoft Visual Studio Solution File, Format Version 12.00
# Visual Studio Version 16
VisualStudioVersion = 16.0.29709.97
MinimumVisualStudioVersion = 10.0.40219.1
Project("{FAE04EC0-301F-11D3-BF4B-00C04F79EFBC}") = "OlaMundo", "OlaMundo\OlaMundo.csproj", "{28468A29-8172-425F-9FE6-B983F0826634}"
EndProject
Project("{FAE04EC0-301F-11D3-BF4B-00C04F79EFBC}") = "SegundoDia", "SegundoDia\SegundoDia.csproj", "{029978AB-8197-4AE7-9C52-9C278E11B3C1}"
EndProject
Project("{FAE04EC0-301F-11D3-BF4B-00C04F79EFBC}") = "Banco", "Banco\Banco.csproj", "{3A1042B1-9EFF-429D-8158-4FCD27D14909}"
EndProject
Project("{FAE04EC0-301F-11D3-BF4B-00C04F79EFBC}") = "TerceiroDia", "TerceiroDia\TerceiroDia.csproj", "{B6384BC2-D155-4973-BA1D-B5C9E062645A}"
EndProject
Project("{FAE04EC0-301F-11D3-BF4B-00C04F79EFBC}") = "QuartoDia", "QuartoDia\QuartoDia.csproj", "{5C157C08-9AB7-479C-950E-39D9753CD8C6}"
EndProject
Project("{FAE04EC0-301F-11D3-BF4B-00C04F79EFBC}") = "QuintoDia", "QuintoDia\QuintoDia.csproj", "{0E2C7F0A-12B2-4492-816E-78FC68E85A7E}"
EndProject
Global
	GlobalSection(SolutionConfigurationPlatforms) = preSolution
		Debug|Any CPU = Debug|Any CPU
		Release|Any CPU = Release|Any CPU
	EndGlobalSection
	GlobalSection(ProjectConfigurationPlatforms) = postSolution
		{28468A29-8172-425F-9FE6-B983F0826634}.Debug|Any CPU.ActiveCfg = Debug|Any CPU
		{28468A29-8172-425F-9FE6-B983F0826634}.Debug|Any CPU.Build.0 = Debug|Any CPU
		{28468A29-8172-425F-9FE6-B983F0826634}.Release|Any CPU.ActiveCfg = Release|Any CPU
		{28468A29-8172-425F-9FE6-B983F0826634}.Release|Any CPU.Build.0 = Release|Any CPU
		{029978AB-8197-4AE7-9C52-9C278E11B3C1}.Debug|Any CPU.ActiveCfg = Debug|Any CPU
		{029978AB-8197-4AE7-9C52-9C278E11B3C1}.Debug|Any CPU.Build.0 = Debug|Any CPU
		{029978AB-8197-4AE7-9C52-9C278E11B3C1}.Release|Any CPU.ActiveCfg = Release|Any CPU
		{029978AB-8197-4AE7-9C52-9C278E11B3C1}.Release|Any CPU.Build.0 = Release|Any CPU
		{3A1042B1-9EFF-429D-8158-4FCD27D14909}.Debug|Any CPU.ActiveCfg = Debug|Any CPU
		{3A1042B1-9EFF-429D-8158-4FCD27D14909}.Debug|Any CPU.Build.0 = Debug|Any CPU
		{3A1042B1-9EFF-429D-8158-4FCD27D14909}.Release|Any CPU.ActiveCfg = Release|Any CPU
		{3A1042B1-9EFF-429D-8158-4FCD27D14909}.Release|Any CPU.Build.0 = Release|Any CPU
		{B6384BC2-D155-4973-BA1D-B5C9E062645A}.Debug|Any CPU.ActiveCfg = Debug|Any CPU
		{B6384BC2-D155-4973-BA1D-B5C9E062645A}.Debug|Any CPU.Build.0 = Debug|Any CPU
		{B6384BC2-D155-4973-BA1D-B5C9E062645A}.Release|Any CPU.ActiveCfg = Release|Any CPU
		{B6384BC2-D155-4973-BA1D-B5C9E062645A}.Release|Any CPU.Build.0 = Release|Any CPU
		{5C157C08-9AB7-479C-950E-39D9753CD8C6}.Debug|Any CPU.ActiveCfg = Debug|Any CPU
		{5C157C08-9AB7-479C-950E-39D9753CD8C6}.Debug|Any CPU.Build.0 = Debug|Any CPU
		{5C157C08-9AB7-479C-950E-39D9753CD8C6}.Release|Any CPU.ActiveCfg = Release|Any CPU
		{5C157C08-9AB7-479C-950E-39D9753CD8C6}.Release|Any CPU.Build.0 = Release|Any CPU
		{0E2C7F0A-12B2-4492-816E-78FC68E85A7E}.Debug|Any CPU.ActiveCfg = Debug|Any CPU
		{0E2C7F0A-12B2-4492-816E-78FC68E85A7E}.Debug|Any CPU.Build.0 = Debug|Any CPU
		{0E2C7F0A-12B2-4492-816E-78FC68E85A7E}.Release|Any CPU.ActiveCfg = Release|Any CPU
		{0E2C7F0A-12B2-4492-816E-78FC68E85A7E}.Release|Any CPU.Build.0 = Release|Any CPU
	EndGlobalSection
	GlobalSection(SolutionProperties) = preSolution
		HideSolutionNode = FALSE
	EndGlobalSection
	GlobalSection(ExtensibilityGlobals) = postSolution
		SolutionGuid = {542F861B-F312-4690-8FD5-348B8C73BC94}
	EndGlobalSection
EndGlobal
